
Microsoft Visual Studio Solution File, Format Version 12.00
# Visual Studio Version 17
VisualStudioVersion = 17.5.33424.131
MinimumVisualStudioVersion = 10.0.40219.1
Project("{FAE04EC0-301F-11D3-BF4B-00C04F79EFBC}") = "DecorateBeverage", "DecorateBeverage.csproj", "{2E22AC74-F20E-45D9-92EA-B3536499AD91}"
EndProject
Global
	GlobalSection(SolutionConfigurationPlatforms) = preSolution
		Debug|Any CPU = Debug|Any CPU
		Release|Any CPU = Release|Any CPU
	EndGlobalSection
	GlobalSection(ProjectConfigurationPlatforms) = postSolution
		{2E22AC74-F20E-45D9-92EA-B3536499AD91}.Debug|Any CPU.ActiveCfg = Debug|Any CPU
		{2E22AC74-F20E-45D9-92EA-B3536499AD91}.Debug|Any CPU.Build.0 = Debug|Any CPU
		{2E22AC74-F20E-45D9-92EA-B3536499AD91}.Release|Any CPU.ActiveCfg = Release|Any CPU
		{2E22AC74-F20E-45D9-92EA-B3536499AD91}.Release|Any CPU.Build.0 = Release|Any CPU
	EndGlobalSection
	GlobalSection(SolutionProperties) = preSolution
		HideSolutionNode = FALSE
	EndGlobalSection
	GlobalSection(ExtensibilityGlobals) = postSolution
		SolutionGuid = {D0FBF528-20E0-4D39-A764-6468D392A5FF}
	EndGlobalSection
EndGlobal
